
Microsoft Visual Studio Solution File, Format Version 12.00
# Visual Studio Version 17
VisualStudioVersion = 17.5.002.0
MinimumVisualStudioVersion = 10.0.40219.1
Project("{9A19103F-16F7-4668-BE54-9A1E7A4F7556}") = "study_together_api", "study_together_api.csproj", "{E9BBB9AB-35D8-4FFF-87D6-1A44B3AE60C1}"
EndProject
Global
	GlobalSection(SolutionConfigurationPlatforms) = preSolution
		Debug|Any CPU = Debug|Any CPU
		Release|Any CPU = Release|Any CPU
	EndGlobalSection
	GlobalSection(ProjectConfigurationPlatforms) = postSolution
		{E9BBB9AB-35D8-4FFF-87D6-1A44B3AE60C1}.Debug|Any CPU.ActiveCfg = Debug|Any CPU
		{E9BBB9AB-35D8-4FFF-87D6-1A44B3AE60C1}.Debug|Any CPU.Build.0 = Debug|Any CPU
		{E9BBB9AB-35D8-4FFF-87D6-1A44B3AE60C1}.Release|Any CPU.ActiveCfg = Release|Any CPU
		{E9BBB9AB-35D8-4FFF-87D6-1A44B3AE60C1}.Release|Any CPU.Build.0 = Release|Any CPU
	EndGlobalSection
	GlobalSection(SolutionProperties) = preSolution
		HideSolutionNode = FALSE
	EndGlobalSection
	GlobalSection(ExtensibilityGlobals) = postSolution
		SolutionGuid = {CD22571D-7EFD-4B24-B9EE-63D4D92447D7}
	EndGlobalSection
EndGlobal
